<?xml version="1.0" encoding="UTF-8"?>
<Scheme
   version = "1.3">
   <BuildAction>
      <BuildActionEntries>
         <BuildActionEntry
            buildForRunning = "YES"
            buildForTesting = "YES">
            <BuildableReference
               BuildableIdentifier = "primary"
               BlueprintIdentifier = "C23FA1371D3FDAE9008406CB"
               BuildableName = "exchangeTests.xctest"
               BlueprintName = "exchangeTests"
               ReferencedContainer = "container:exchange.xcodeproj">
            </BuildableReference>
         </BuildActionEntry>
      </BuildActionEntries>
   </BuildAction>
   <TestAction
      buildConfiguration = "Debug">
      <Testables>
         <TestableReference>
            <BuildableReference
               BuildableIdentifier = "primary"
               BlueprintIdentifier = "C23FA1371D3FDAE9008406CB"
               BuildableName = "exchangeTests.xctest"
               BlueprintName = "exchangeTests"
               ReferencedContainer = "container:exchange.xcodeproj">
            </BuildableReference>
            <SkippedTests>
               <Test
                  Identifier = "currencyFormatterTests/testPerformanceExample">
               </Test>
            </SkippedTests>
         </TestableReference>
      </Testables>
   </TestAction>
   <LaunchAction
      useCustomWorkingDirectory = "NO">
   </LaunchAction>
</Scheme>
